// !$*UTF8*$!
{
	archiveVersion = 1;
	classes = {
	};
	objectVersion = 46;
	objects = {

/* Begin PBXBuildFile section */
		343271801E14418A00CC3770 /* JPSThumbnail.m in Sources */ = {isa = PBXBuildFile; fileRef = 3432717F1E14418A00CC3770 /* JPSThumbnail.m */; };
		E875D68A17245D6C00009A6F /* Foundation.framework in Frameworks */ = {isa = PBXBuildFile; fileRef = E875D68917245D6C00009A6F /* Foundation.framework */; };
		E875D69217245D6C00009A6F /* InfoPlist.strings in Resources */ = {isa = PBXBuildFile; fileRef = E875D69017245D6C00009A6F /* InfoPlist.strings */; };
		E875D69417245D6C00009A6F /* main.m in Sources */ = {isa = PBXBuildFile; fileRef = E875D69317245D6C00009A6F /* main.m */; };
		E875D69817245D6C00009A6F /* AppDelegate.m in Sources */ = {isa = PBXBuildFile; fileRef = E875D69717245D6C00009A6F /* AppDelegate.m */; };
		E875D69A17245D6C00009A6F /* Default.png in Resources */ = {isa = PBXBuildFile; fileRef = E875D69917245D6C00009A6F /* Default.png */; };
		E875D69C17245D6C00009A6F /* Default@2x.png in Resources */ = {isa = PBXBuildFile; fileRef = E875D69B17245D6C00009A6F /* Default@2x.png */; };
		E875D69E17245D6C00009A6F /* Default-568h@2x.png in Resources */ = {isa = PBXBuildFile; fileRef = E875D69D17245D6C00009A6F /* Default-568h@2x.png */; };
		E875D6A117245D6C00009A6F /* ViewController.m in Sources */ = {isa = PBXBuildFile; fileRef = E875D6A017245D6C00009A6F /* ViewController.m */; };
		E8B7E7D91724669200E93E96 /* JPSThumbnailAnnotation.m in Sources */ = {isa = PBXBuildFile; fileRef = E8B7E7D81724669200E93E96 /* JPSThumbnailAnnotation.m */; };
		E8B7E7DC172466B600E93E96 /* JPSThumbnailAnnotationView.m in Sources */ = {isa = PBXBuildFile; fileRef = E8B7E7DB172466B600E93E96 /* JPSThumbnailAnnotationView.m */; };
		E8EF4F2C1725027D0051DB36 /* empire.jpg in Resources */ = {isa = PBXBuildFile; fileRef = E8EF4F2B1725027D0051DB36 /* empire.jpg */; };
		E8EF4F2F1725081E0051DB36 /* ottawa.jpg in Resources */ = {isa = PBXBuildFile; fileRef = E8EF4F2D1725081E0051DB36 /* ottawa.jpg */; };
		E8EF4F301725081E0051DB36 /* apple.jpg in Resources */ = {isa = PBXBuildFile; fileRef = E8EF4F2E1725081E0051DB36 /* apple.jpg */; };
/* End PBXBuildFile section */

/* Begin PBXFileReference section */
		3432717F1E14418A00CC3770 /* JPSThumbnail.m */ = {isa = PBXFileReference; fileEncoding = 4; lastKnownFileType = sourcecode.c.objc; path = JPSThumbnail.m; sourceTree = "<group>"; };
		E875D68417245D6C00009A6F /* JPSThumbnailAnnotation.app */ = {isa = PBXFileReference; explicitFileType = wrapper.application; includeInIndex = 0; path = JPSThumbnailAnnotation.app; sourceTree = BUILT_PRODUCTS_DIR; };
		E875D68717245D6C00009A6F /* UIKit.framework */ = {isa = PBXFileReference; lastKnownFileType = wrapper.framework; name = UIKit.framework; path = System/Library/Frameworks/UIKit.framework; sourceTree = SDKROOT; };
		E875D68917245D6C00009A6F /* Foundation.framework */ = {isa = PBXFileReference; lastKnownFileType = wrapper.framework; name = Foundation.framework; path = System/Library/Frameworks/Foundation.framework; sourceTree = SDKROOT; };
		E875D68B17245D6C00009A6F /* CoreGraphics.framework */ = {isa = PBXFileReference; lastKnownFileType = wrapper.framework; name = CoreGraphics.framework; path = System/Library/Frameworks/CoreGraphics.framework; sourceTree = SDKROOT; };
		E875D68F17245D6C00009A6F /* JPSThumbnailAnnotation-Info.plist */ = {isa = PBXFileReference; lastKnownFileType = text.plist.xml; path = "JPSThumbnailAnnotation-Info.plist"; sourceTree = "<group>"; };
		E875D69117245D6C00009A6F /* en */ = {isa = PBXFileReference; lastKnownFileType = text.plist.strings; name = en; path = en.lproj/InfoPlist.strings; sourceTree = "<group>"; };
		E875D69317245D6C00009A6F /* main.m */ = {isa = PBXFileReference; lastKnownFileType = sourcecode.c.objc; path = main.m; sourceTree = "<group>"; };
		E875D69517245D6C00009A6F /* JPSThumbnailAnnotation-Prefix.pch */ = {isa = PBXFileReference; lastKnownFileType = sourcecode.c.h; path = "JPSThumbnailAnnotation-Prefix.pch"; sourceTree = "<group>"; };
		E875D69617245D6C00009A6F /* AppDelegate.h */ = {isa = PBXFileReference; lastKnownFileType = sourcecode.c.h; path = AppDelegate.h; sourceTree = "<group>"; };
		E875D69717245D6C00009A6F /* AppDelegate.m */ = {isa = PBXFileReference; lastKnownFileType = sourcecode.c.objc; path = AppDelegate.m; sourceTree = "<group>"; };
		E875D69917245D6C00009A6F /* Default.png */ = {isa = PBXFileReference; lastKnownFileType = image.png; path = Default.png; sourceTree = "<group>"; };
		E875D69B17245D6C00009A6F /* Default@2x.png */ = {isa = PBXFileReference; lastKnownFileType = image.png; path = "Default@2x.png"; sourceTree = "<group>"; };
		E875D69D17245D6C00009A6F /* Default-568h@2x.png */ = {isa = PBXFileReference; lastKnownFileType = image.png; path = "Default-568h@2x.png"; sourceTree = "<group>"; };
		E875D69F17245D6C00009A6F /* ViewController.h */ = {isa = PBXFileReference; lastKnownFileType = sourcecode.c.h; path = ViewController.h; sourceTree = "<group>"; };
		E875D6A017245D6C00009A6F /* ViewController.m */ = {isa = PBXFileReference; lastKnownFileType = sourcecode.c.objc; path = ViewController.m; sourceTree = "<group>"; };
		E875D6AA172461FB00009A6F /* MapKit.framework */ = {isa = PBXFileReference; lastKnownFileType = wrapper.framework; name = MapKit.framework; path = System/Library/Frameworks/MapKit.framework; sourceTree = SDKROOT; };
		E8B7E7D71724669200E93E96 /* JPSThumbnailAnnotation.h */ = {isa = PBXFileReference; fileEncoding = 4; lastKnownFileType = sourcecode.c.h; path = JPSThumbnailAnnotation.h; sourceTree = "<group>"; };
		E8B7E7D81724669200E93E96 /* JPSThumbnailAnnotation.m */ = {isa = PBXFileReference; fileEncoding = 4; lastKnownFileType = sourcecode.c.objc; path = JPSThumbnailAnnotation.m; sourceTree = "<group>"; };
		E8B7E7DA172466B600E93E96 /* JPSThumbnailAnnotationView.h */ = {isa = PBXFileReference; fileEncoding = 4; lastKnownFileType = sourcecode.c.h; path = JPSThumbnailAnnotationView.h; sourceTree = "<group>"; };
		E8B7E7DB172466B600E93E96 /* JPSThumbnailAnnotationView.m */ = {isa = PBXFileReference; fileEncoding = 4; lastKnownFileType = sourcecode.c.objc; path = JPSThumbnailAnnotationView.m; sourceTree = "<group>"; };
		E8EF4F241724E30C0051DB36 /* CoreLocation.framework */ = {isa = PBXFileReference; lastKnownFileType = wrapper.framework; name = CoreLocation.framework; path = System/Library/Frameworks/CoreLocation.framework; sourceTree = SDKROOT; };
		E8EF4F261724E5870051DB36 /* QuartzCore.framework */ = {isa = PBXFileReference; lastKnownFileType = wrapper.framework; name = QuartzCore.framework; path = System/Library/Frameworks/QuartzCore.framework; sourceTree = SDKROOT; };
		E8EF4F281724EE840051DB36 /* JPSThumbnail.h */ = {isa = PBXFileReference; fileEncoding = 4; lastKnownFileType = sourcecode.c.h; path = JPSThumbnail.h; sourceTree = "<group>"; };
		E8EF4F2B1725027D0051DB36 /* empire.jpg */ = {isa = PBXFileReference; lastKnownFileType = image.jpeg; path = empire.jpg; sourceTree = "<group>"; };
		E8EF4F2D1725081E0051DB36 /* ottawa.jpg */ = {isa = PBXFileReference; lastKnownFileType = image.jpeg; path = ottawa.jpg; sourceTree = "<group>"; };
		E8EF4F2E1725081E0051DB36 /* apple.jpg */ = {isa = PBXFileReference; lastKnownFileType = image.jpeg; path = apple.jpg; sourceTree = "<group>"; };
/* End PBXFileReference section */

/* Begin PBXFrameworksBuildPhase section */
		E875D68117245D6C00009A6F /* Frameworks */ = {
			isa = PBXFrameworksBuildPhase;
			buildActionMask = 2147483647;
			files = (
				E875D68A17245D6C00009A6F /* Foundation.framework in Frameworks */,
			);
			runOnlyForDeploymentPostprocessing = 0;
		};
/* End PBXFrameworksBuildPhase section */

/* Begin PBXGroup section */
		E875D67B17245D6C00009A6F = {
			isa = PBXGroup;
			children = (
				E8B7E7D61724664A00E93E96 /* JPSThumbnailAnnotation */,
				E875D68D17245D6C00009A6F /* Classes */,
				E875D68617245D6C00009A6F /* Frameworks */,
				E875D68517245D6C00009A6F /* Products */,
			);
			sourceTree = "<group>";
		};
		E875D68517245D6C00009A6F /* Products */ = {
			isa = PBXGroup;
			children = (
				E875D68417245D6C00009A6F /* JPSThumbnailAnnotation.app */,
			);
			name = Products;
			sourceTree = "<group>";
		};
		E875D68617245D6C00009A6F /* Frameworks */ = {
			isa = PBXGroup;
			children = (
				E8EF4F261724E5870051DB36 /* QuartzCore.framework */,
				E8EF4F241724E30C0051DB36 /* CoreLocation.framework */,
				E875D6AA172461FB00009A6F /* MapKit.framework */,
				E875D68717245D6C00009A6F /* UIKit.framework */,
				E875D68917245D6C00009A6F /* Foundation.framework */,
				E875D68B17245D6C00009A6F /* CoreGraphics.framework */,
			);
			name = Frameworks;
			sourceTree = "<group>";
		};
		E875D68D17245D6C00009A6F /* Classes */ = {
			isa = PBXGroup;
			children = (
				E875D69617245D6C00009A6F /* AppDelegate.h */,
				E875D69717245D6C00009A6F /* AppDelegate.m */,
				E875D69F17245D6C00009A6F /* ViewController.h */,
				E875D6A017245D6C00009A6F /* ViewController.m */,
				E875D68E17245D6C00009A6F /* Supporting Files */,
			);
			name = Classes;
			sourceTree = SOURCE_ROOT;
		};
		E875D68E17245D6C00009A6F /* Supporting Files */ = {
			isa = PBXGroup;
			children = (
				E8EF4F2D1725081E0051DB36 /* ottawa.jpg */,
				E8EF4F2E1725081E0051DB36 /* apple.jpg */,
				E8EF4F2B1725027D0051DB36 /* empire.jpg */,
				E875D68F17245D6C00009A6F /* JPSThumbnailAnnotation-Info.plist */,
				E875D69017245D6C00009A6F /* InfoPlist.strings */,
				E875D69317245D6C00009A6F /* main.m */,
				E875D69517245D6C00009A6F /* JPSThumbnailAnnotation-Prefix.pch */,
				E875D69917245D6C00009A6F /* Default.png */,
				E875D69B17245D6C00009A6F /* Default@2x.png */,
				E875D69D17245D6C00009A6F /* Default-568h@2x.png */,
			);
			name = "Supporting Files";
			sourceTree = "<group>";
		};
		E8B7E7D61724664A00E93E96 /* JPSThumbnailAnnotation */ = {
			isa = PBXGroup;
			children = (
				3432717F1E14418A00CC3770 /* JPSThumbnail.m */,
				E8B7E7D71724669200E93E96 /* JPSThumbnailAnnotation.h */,
				E8B7E7D81724669200E93E96 /* JPSThumbnailAnnotation.m */,
				E8B7E7DA172466B600E93E96 /* JPSThumbnailAnnotationView.h */,
				E8B7E7DB172466B600E93E96 /* JPSThumbnailAnnotationView.m */,
				E8EF4F281724EE840051DB36 /* JPSThumbnail.h */,
			);
			name = JPSThumbnailAnnotation;
			path = ../JPSThumbnailAnnotation;
			sourceTree = "<group>";
		};
/* End PBXGroup section */

/* Begin PBXNativeTarget section */
		E875D68317245D6C00009A6F /* JPSThumbnailAnnotation */ = {
			isa = PBXNativeTarget;
			buildConfigurationList = E875D6A717245D6C00009A6F /* Build configuration list for PBXNativeTarget "JPSThumbnailAnnotation" */;
			buildPhases = (
				E875D68017245D6C00009A6F /* Sources */,
				E875D68117245D6C00009A6F /* Frameworks */,
				E875D68217245D6C00009A6F /* Resources */,
			);
			buildRules = (
			);
			dependencies = (
			);
			name = JPSThumbnailAnnotation;
			productName = JPSThumbnailAnnotation;
			productReference = E875D68417245D6C00009A6F /* JPSThumbnailAnnotation.app */;
			productType = "com.apple.product-type.application";
		};
/* End PBXNativeTarget section */

/* Begin PBXProject section */
		E875D67C17245D6C00009A6F /* Project object */ = {
			isa = PBXProject;
			attributes = {
				CLASSPREFIX = JPS;
				LastUpgradeCheck = 0460;
				ORGANIZATIONNAME = "JP Simard";
			};
			buildConfigurationList = E875D67F17245D6C00009A6F /* Build configuration list for PBXProject "JPSThumbnailAnnotation" */;
			compatibilityVersion = "Xcode 3.2";
			developmentRegion = English;
			hasScannedForEncodings = 0;
			knownRegions = (
				en,
			);
			mainGroup = E875D67B17245D6C00009A6F;
			productRefGroup = E875D68517245D6C00009A6F /* Products */;
			projectDirPath = "";
			projectRoot = "";
			targets = (
				E875D68317245D6C00009A6F /* JPSThumbnailAnnotation */,
			);
		};
/* End PBXProject section */

/* Begin PBXResourcesBuildPhase section */
		E875D68217245D6C00009A6F /* Resources */ = {
			isa = PBXResourcesBuildPhase;
			buildActionMask = 2147483647;
			files = (
				E875D69217245D6C00009A6F /* InfoPlist.strings in Resources */,
				E875D69A17245D6C00009A6F /* Default.png in Resources */,
				E875D69C17245D6C00009A6F /* Default@2x.png in Resources */,
				E875D69E17245D6C00009A6F /* Default-568h@2x.png in Resources */,
				E8EF4F2C1725027D0051DB36 /* empire.jpg in Resources */,
				E8EF4F2F1725081E0051DB36 /* ottawa.jpg in Resources */,
				E8EF4F301725081E0051DB36 /* apple.jpg in Resources */,
			);
			runOnlyForDeploymentPostprocessing = 0;
		};
/* End PBXResourcesBuildPhase section */

/* Begin PBXSourcesBuildPhase section */
		E875D68017245D6C00009A6F /* Sources */ = {
			isa = PBXSourcesBuildPhase;
			buildActionMask = 2147483647;
			files = (
				E875D69417245D6C00009A6F /* main.m in Sources */,
				E875D69817245D6C00009A6F /* AppDelegate.m in Sources */,
				E875D6A117245D6C00009A6F /* ViewController.m in Sources */,
				343271801E14418A00CC3770 /* JPSThumbnail.m in Sources */,
				E8B7E7D91724669200E93E96 /* JPSThumbnailAnnotation.m in Sources */,
				E8B7E7DC172466B600E93E96 /* JPSThumbnailAnnotationView.m in Sources */,
			);
			runOnlyForDeploymentPostprocessing = 0;
		};
/* End PBXSourcesBuildPhase section */

/* Begin PBXVariantGroup section */
		E875D69017245D6C00009A6F /* InfoPlist.strings */ = {
			isa = PBXVariantGroup;
			children = (
				E875D69117245D6C00009A6F /* en */,
			);
			name = InfoPlist.strings;
			sourceTree = "<group>";
		};
/* End PBXVariantGroup section */

/* Begin XCBuildConfiguration section */
		E875D6A517245D6C00009A6F /* Debug */ = {
			isa = XCBuildConfiguration;
			buildSettings = {
				ALWAYS_SEARCH_USER_PATHS = NO;
				CLANG_CXX_LANGUAGE_STANDARD = "gnu++0x";
				CLANG_CXX_LIBRARY = "libc++";
				CLANG_ENABLE_OBJC_ARC = YES;
				CLANG_WARN_CONSTANT_CONVERSION = YES;
				CLANG_WARN_EMPTY_BODY = YES;
				CLANG_WARN_ENUM_CONVERSION = YES;
				CLANG_WARN_INT_CONVERSION = YES;
				CLANG_WARN__DUPLICATE_METHOD_MATCH = YES;
				"CODE_SIGN_IDENTITY[sdk=iphoneos*]" = "iPhone Developer";
				COPY_PHASE_STRIP = NO;
				GCC_C_LANGUAGE_STANDARD = gnu99;
				GCC_DYNAMIC_NO_PIC = NO;
				GCC_OPTIMIZATION_LEVEL = 0;
				GCC_PREPROCESSOR_DEFINITIONS = (
					"DEBUG=1",
					"$(inherited)",
				);
				GCC_SYMBOLS_PRIVATE_EXTERN = NO;
				GCC_WARN_ABOUT_RETURN_TYPE = YES;
				GCC_WARN_UNINITIALIZED_AUTOS = YES;
				GCC_WARN_UNUSED_VARIABLE = YES;
				IPHONEOS_DEPLOYMENT_TARGET = 6.1;
				ONLY_ACTIVE_ARCH = YES;
				SDKROOT = iphoneos;
			};
			name = Debug;
		};
		E875D6A617245D6C00009A6F /* Release */ = {
			isa = XCBuildConfiguration;
			buildSettings = {
				ALWAYS_SEARCH_USER_PATHS = NO;
				CLANG_CXX_LANGUAGE_STANDARD = "gnu++0x";
				CLANG_CXX_LIBRARY = "libc++";
				CLANG_ENABLE_OBJC_ARC = YES;
				CLANG_WARN_CONSTANT_CONVERSION = YES;
				CLANG_WARN_EMPTY_BODY = YES;
				CLANG_WARN_ENUM_CONVERSION = YES;
				CLANG_WARN_INT_CONVERSION = YES;
				CLANG_WARN__DUPLICATE_METHOD_MATCH = YES;
				"CODE_SIGN_IDENTITY[sdk=iphoneos*]" = "iPhone Developer";
				COPY_PHASE_STRIP = YES;
				GCC_C_LANGUAGE_STANDARD = gnu99;
				GCC_WARN_ABOUT_RETURN_TYPE = YES;
				GCC_WARN_UNINITIALIZED_AUTOS = YES;
				GCC_WARN_UNUSED_VARIABLE = YES;
				IPHONEOS_DEPLOYMENT_TARGET = 6.1;
				OTHER_CFLAGS = "-DNS_BLOCK_ASSERTIONS=1";
				SDKROOT = iphoneos;
				VALIDATE_PRODUCT = YES;
			};
			name = Release;
		};
		E875D6A817245D6C00009A6F /* Debug */ = {
			isa = XCBuildConfiguration;
			buildSettings = {
				CLANG_ENABLE_MODULES = YES;
				GCC_PRECOMPILE_PREFIX_HEADER = YES;
				GCC_PREFIX_HEADER = "JPSThumbnailAnnotation-Prefix.pch";
				INFOPLIST_FILE = "JPSThumbnailAnnotation-Info.plist";
				PRODUCT_NAME = JPSThumbnailAnnotation;
				TARGETED_DEVICE_FAMILY = "1,2";
				WRAPPER_EXTENSION = app;
			};
			name = Debug;
		};
		E875D6A917245D6C00009A6F /* Release */ = {
			isa = XCBuildConfiguration;
			buildSettings = {
				CLANG_ENABLE_MODULES = YES;
				GCC_PRECOMPILE_PREFIX_HEADER = YES;
				GCC_PREFIX_HEADER = "JPSThumbnailAnnotation-Prefix.pch";
				INFOPLIST_FILE = "JPSThumbnailAnnotation-Info.plist";
				PRODUCT_NAME = JPSThumbnailAnnotation;
				TARGETED_DEVICE_FAMILY = "1,2";
				WRAPPER_EXTENSION = app;
			};
			name = Release;
		};
/* End XCBuildConfiguration section */

/* Begin XCConfigurationList section */
		E875D67F17245D6C00009A6F /* Build configuration list for PBXProject "JPSThumbnailAnnotation" */ = {
			isa = XCConfigurationList;
			buildConfigurations = (
				E875D6A517245D6C00009A6F /* Debug */,
				E875D6A617245D6C00009A6F /* Release */,
			);
			defaultConfigurationIsVisible = 0;
			defaultConfigurationName = Release;
		};
		E875D6A717245D6C00009A6F /* Build configuration list for PBXNativeTarget "JPSThumbnailAnnotation" */ = {
			isa = XCConfigurationList;
			buildConfigurations = (
				E875D6A817245D6C00009A6F /* Debug */,
				E875D6A917245D6C00009A6F /* Release */,
			);
			defaultConfigurationIsVisible = 0;
			defaultConfigurationName = Release;
		};
/* End XCConfigurationList section */
	};
	rootObject = E875D67C17245D6C00009A6F /* Project object */;
}
